// !$*UTF8*$!
{
	archiveVersion = 1;
	classes = {
	};
	objectVersion = 46;
	objects = {

/* Begin PBXBuildFile section */
		21C572631C33104F00B54E1A /* AppDelegate.swift in Sources */ = {isa = PBXBuildFile; fileRef = 21C572621C33104F00B54E1A /* AppDelegate.swift */; };
		21C572651C33104F00B54E1A /* ViewController.swift in Sources */ = {isa = PBXBuildFile; fileRef = 21C572641C33104F00B54E1A /* ViewController.swift */; };
		21C572681C33104F00B54E1A /* Main.storyboard in Resources */ = {isa = PBXBuildFile; fileRef = 21C572661C33104F00B54E1A /* Main.storyboard */; };
		21C5726A1C33104F00B54E1A /* Assets.xcassets in Resources */ = {isa = PBXBuildFile; fileRef = 21C572691C33104F00B54E1A /* Assets.xcassets */; };
		21C5726D1C33104F00B54E1A /* LaunchScreen.storyboard in Resources */ = {isa = PBXBuildFile; fileRef = 21C5726B1C33104F00B54E1A /* LaunchScreen.storyboard */; };
		21C572781C33104F00B54E1A /* tipsTests.swift in Sources */ = {isa = PBXBuildFile; fileRef = 21C572771C33104F00B54E1A /* tipsTests.swift */; };
		21C572831C33104F00B54E1A /* tipsUITests.swift in Sources */ = {isa = PBXBuildFile; fileRef = 21C572821C33104F00B54E1A /* tipsUITests.swift */; };
		21CAA7131C334EF400935285 /* SettingsViewController.swift in Sources */ = {isa = PBXBuildFile; fileRef = 21CAA7121C334EF400935285 /* SettingsViewController.swift */; };
/* End PBXBuildFile section */

/* Begin PBXContainerItemProxy section */
		21C572741C33104F00B54E1A /* PBXContainerItemProxy */ = {
			isa = PBXContainerItemProxy;
			containerPortal = 21C572571C33104F00B54E1A /* Project object */;
			proxyType = 1;
			remoteGlobalIDString = 21C5725E1C33104F00B54E1A;
			remoteInfo = tips;
		};
		21C5727F1C33104F00B54E1A /* PBXContainerItemProxy */ = {
			isa = PBXContainerItemProxy;
			containerPortal = 21C572571C33104F00B54E1A /* Project object */;
			proxyType = 1;
			remoteGlobalIDString = 21C5725E1C33104F00B54E1A;
			remoteInfo = tips;
		};
/* End PBXContainerItemProxy section */

/* Begin PBXFileReference section */
		21C5725F1C33104F00B54E1A /* tips.app */ = {isa = PBXFileReference; explicitFileType = wrapper.application; includeInIndex = 0; path = tips.app; sourceTree = BUILT_PRODUCTS_DIR; };
		21C572621C33104F00B54E1A /* AppDelegate.swift */ = {isa = PBXFileReference; lastKnownFileType = sourcecode.swift; path = AppDelegate.swift; sourceTree = "<group>"; };
		21C572641C33104F00B54E1A /* ViewController.swift */ = {isa = PBXFileReference; lastKnownFileType = sourcecode.swift; path = ViewController.swift; sourceTree = "<group>"; };
		21C572671C33104F00B54E1A /* Base */ = {isa = PBXFileReference; lastKnownFileType = file.storyboard; name = Base; path = Base.lproj/Main.storyboard; sourceTree = "<group>"; };
		21C572691C33104F00B54E1A /* Assets.xcassets */ = {isa = PBXFileReference; lastKnownFileType = folder.assetcatalog; path = Assets.xcassets; sourceTree = "<group>"; };
		21C5726C1C33104F00B54E1A /* Base */ = {isa = PBXFileReference; lastKnownFileType = file.storyboard; name = Base; path = Base.lproj/LaunchScreen.storyboard; sourceTree = "<group>"; };
		21C5726E1C33104F00B54E1A /* Info.plist */ = {isa = PBXFileReference; lastKnownFileType = text.plist.xml; path = Info.plist; sourceTree = "<group>"; };
		21C572731C33104F00B54E1A /* tipsTests.xctest */ = {isa = PBXFileReference; explicitFileType = wrapper.cfbundle; includeInIndex = 0; path = tipsTests.xctest; sourceTree = BUILT_PRODUCTS_DIR; };
		21C572771C33104F00B54E1A /* tipsTests.swift */ = {isa = PBXFileReference; lastKnownFileType = sourcecode.swift; path = tipsTests.swift; sourceTree = "<group>"; };
		21C572791C33104F00B54E1A /* Info.plist */ = {isa = PBXFileReference; lastKnownFileType = text.plist.xml; path = Info.plist; sourceTree = "<group>"; };
		21C5727E1C33104F00B54E1A /* tipsUITests.xctest */ = {isa = PBXFileReference; explicitFileType = wrapper.cfbundle; includeInIndex = 0; path = tipsUITests.xctest; sourceTree = BUILT_PRODUCTS_DIR; };
		21C572821C33104F00B54E1A /* tipsUITests.swift */ = {isa = PBXFileReference; lastKnownFileType = sourcecode.swift; path = tipsUITests.swift; sourceTree = "<group>"; };
		21C572841C33104F00B54E1A /* Info.plist */ = {isa = PBXFileReference; lastKnownFileType = text.plist.xml; path = Info.plist; sourceTree = "<group>"; };
		21CAA7121C334EF400935285 /* SettingsViewController.swift */ = {isa = PBXFileReference; fileEncoding = 4; lastKnownFileType = sourcecode.swift; path = SettingsViewController.swift; sourceTree = "<group>"; };
/* End PBXFileReference section */

/* Begin PBXFrameworksBuildPhase section */
		21C5725C1C33104F00B54E1A /* Frameworks */ = {
			isa = PBXFrameworksBuildPhase;
			buildActionMask = 2147483647;
			files = (
			);
			runOnlyForDeploymentPostprocessing = 0;
		};
		21C572701C33104F00B54E1A /* Frameworks */ = {
			isa = PBXFrameworksBuildPhase;
			buildActionMask = 2147483647;
			files = (
			);
			runOnlyForDeploymentPostprocessing = 0;
		};
		21C5727B1C33104F00B54E1A /* Frameworks */ = {
			isa = PBXFrameworksBuildPhase;
			buildActionMask = 2147483647;
			files = (
			);
			runOnlyForDeploymentPostprocessing = 0;
		};
/* End PBXFrameworksBuildPhase section */

/* Begin PBXGroup section */
		21C572561C33104F00B54E1A = {
			isa = PBXGroup;
			children = (
				21C572611C33104F00B54E1A /* tips */,
				21C572761C33104F00B54E1A /* tipsTests */,
				21C572811C33104F00B54E1A /* tipsUITests */,
				21C572601C33104F00B54E1A /* Products */,
			);
			sourceTree = "<group>";
		};
		21C572601C33104F00B54E1A /* Products */ = {
			isa = PBXGroup;
			children = (
				21C5725F1C33104F00B54E1A /* tips.app */,
				21C572731C33104F00B54E1A /* tipsTests.xctest */,
				21C5727E1C33104F00B54E1A /* tipsUITests.xctest */,
			);
			name = Products;
			sourceTree = "<group>";
		};
		21C572611C33104F00B54E1A /* tips */ = {
			isa = PBXGroup;
			children = (
				21C572621C33104F00B54E1A /* AppDelegate.swift */,
				21C572641C33104F00B54E1A /* ViewController.swift */,
				21CAA7121C334EF400935285 /* SettingsViewController.swift */,
				21C572661C33104F00B54E1A /* Main.storyboard */,
				21C572691C33104F00B54E1A /* Assets.xcassets */,
				21C5726B1C33104F00B54E1A /* LaunchScreen.storyboard */,
				21C5726E1C33104F00B54E1A /* Info.plist */,
			);
			path = tips;
			sourceTree = "<group>";
		};
		21C572761C33104F00B54E1A /* tipsTests */ = {
			isa = PBXGroup;
			children = (
				21C572771C33104F00B54E1A /* tipsTests.swift */,
				21C572791C33104F00B54E1A /* Info.plist */,
			);
			path = tipsTests;
			sourceTree = "<group>";
		};
		21C572811C33104F00B54E1A /* tipsUITests */ = {
			isa = PBXGroup;
			children = (
				21C572821C33104F00B54E1A /* tipsUITests.swift */,
				21C572841C33104F00B54E1A /* Info.plist */,
			);
			path = tipsUITests;
			sourceTree = "<group>";
		};
/* End PBXGroup section */

/* Begin PBXNativeTarget section */
		21C5725E1C33104F00B54E1A /* tips */ = {
			isa = PBXNativeTarget;
			buildConfigurationList = 21C572871C33104F00B54E1A /* Build configuration list for PBXNativeTarget "tips" */;
			buildPhases = (
				21C5725B1C33104F00B54E1A /* Sources */,
				21C5725C1C33104F00B54E1A /* Frameworks */,
				21C5725D1C33104F00B54E1A /* Resources */,
			);
			buildRules = (
			);
			dependencies = (
			);
			name = tips;
			productName = tips;
			productReference = 21C5725F1C33104F00B54E1A /* tips.app */;
			productType = "com.apple.product-type.application";
		};
		21C572721C33104F00B54E1A /* tipsTests */ = {
			isa = PBXNativeTarget;
			buildConfigurationList = 21C5728A1C33104F00B54E1A /* Build configuration list for PBXNativeTarget "tipsTests" */;
			buildPhases = (
				21C5726F1C33104F00B54E1A /* Sources */,
				21C572701C33104F00B54E1A /* Frameworks */,
				21C572711C33104F00B54E1A /* Resources */,
			);
			buildRules = (
			);
			dependencies = (
				21C572751C33104F00B54E1A /* PBXTargetDependency */,
			);
			name = tipsTests;
			productName = tipsTests;
			productReference = 21C572731C33104F00B54E1A /* tipsTests.xctest */;
			productType = "com.apple.product-type.bundle.unit-test";
		};
		21C5727D1C33104F00B54E1A /* tipsUITests */ = {
			isa = PBXNativeTarget;
			buildConfigurationList = 21C5728D1C33104F00B54E1A /* Build configuration list for PBXNativeTarget "tipsUITests" */;
			buildPhases = (
				21C5727A1C33104F00B54E1A /* Sources */,
				21C5727B1C33104F00B54E1A /* Frameworks */,
				21C5727C1C33104F00B54E1A /* Resources */,
			);
			buildRules = (
			);
			dependencies = (
				21C572801C33104F00B54E1A /* PBXTargetDependency */,
			);
			name = tipsUITests;
			productName = tipsUITests;
			productReference = 21C5727E1C33104F00B54E1A /* tipsUITests.xctest */;
			productType = "com.apple.product-type.bundle.ui-testing";
		};
/* End PBXNativeTarget section */

/* Begin PBXProject section */
		21C572571C33104F00B54E1A /* Project object */ = {
			isa = PBXProject;
			attributes = {
				LastSwiftUpdateCheck = 0720;
				LastUpgradeCheck = 0720;
				ORGANIZATIONNAME = "Nisarga Patel";
				TargetAttributes = {
					21C5725E1C33104F00B54E1A = {
						CreatedOnToolsVersion = 7.2;
					};
					21C572721C33104F00B54E1A = {
						CreatedOnToolsVersion = 7.2;
						TestTargetID = 21C5725E1C33104F00B54E1A;
					};
					21C5727D1C33104F00B54E1A = {
						CreatedOnToolsVersion = 7.2;
						TestTargetID = 21C5725E1C33104F00B54E1A;
					};
				};
			};
			buildConfigurationList = 21C5725A1C33104F00B54E1A /* Build configuration list for PBXProject "tips" */;
			compatibilityVersion = "Xcode 3.2";
			developmentRegion = English;
			hasScannedForEncodings = 0;
			knownRegions = (
				en,
				Base,
			);
			mainGroup = 21C572561C33104F00B54E1A;
			productRefGroup = 21C572601C33104F00B54E1A /* Products */;
			projectDirPath = "";
			projectRoot = "";
			targets = (
				21C5725E1C33104F00B54E1A /* tips */,
				21C572721C33104F00B54E1A /* tipsTests */,
				21C5727D1C33104F00B54E1A /* tipsUITests */,
			);
		};
/* End PBXProject section */

/* Begin PBXResourcesBuildPhase section */
		21C5725D1C33104F00B54E1A /* Resources */ = {
			isa = PBXResourcesBuildPhase;
			buildActionMask = 2147483647;
			files = (
				21C5726D1C33104F00B54E1A /* LaunchScreen.storyboard in Resources */,
				21C5726A1C33104F00B54E1A /* Assets.xcassets in Resources */,
				21C572681C33104F00B54E1A /* Main.storyboard in Resources */,
			);
			runOnlyForDeploymentPostprocessing = 0;
		};
		21C572711C33104F00B54E1A /* Resources */ = {
			isa = PBXResourcesBuildPhase;
			buildActionMask = 2147483647;
			files = (
			);
			runOnlyForDeploymentPostprocessing = 0;
		};
		21C5727C1C33104F00B54E1A /* Resources */ = {
			isa = PBXResourcesBuildPhase;
			buildActionMask = 2147483647;
			files = (
			);
			runOnlyForDeploymentPostprocessing = 0;
		};
/* End PBXResourcesBuildPhase section */

/* Begin PBXSourcesBuildPhase section */
		21C5725B1C33104F00B54E1A /* Sources */ = {
			isa = PBXSourcesBuildPhase;
			buildActionMask = 2147483647;
			files = (
				21C572651C33104F00B54E1A /* ViewController.swift in Sources */,
				21C572631C33104F00B54E1A /* AppDelegate.swift in Sources */,
				21CAA7131C334EF400935285 /* SettingsViewController.swift in Sources */,
			);
			runOnlyForDeploymentPostprocessing = 0;
		};
		21C5726F1C33104F00B54E1A /* Sources */ = {
			isa = PBXSourcesBuildPhase;
			buildActionMask = 2147483647;
			files = (
				21C572781C33104F00B54E1A /* tipsTests.swift in Sources */,
			);
			runOnlyForDeploymentPostprocessing = 0;
		};
		21C5727A1C33104F00B54E1A /* Sources */ = {
			isa = PBXSourcesBuildPhase;
			buildActionMask = 2147483647;
			files = (
				21C572831C33104F00B54E1A /* tipsUITests.swift in Sources */,
			);
			runOnlyForDeploymentPostprocessing = 0;
		};
/* End PBXSourcesBuildPhase section */

/* Begin PBXTargetDependency section */
		21C572751C33104F00B54E1A /* PBXTargetDependency */ = {
			isa = PBXTargetDependency;
			target = 21C5725E1C33104F00B54E1A /* tips */;
			targetProxy = 21C572741C33104F00B54E1A /* PBXContainerItemProxy */;
		};
		21C572801C33104F00B54E1A /* PBXTargetDependency */ = {
			isa = PBXTargetDependency;
			target = 21C5725E1C33104F00B54E1A /* tips */;
			targetProxy = 21C5727F1C33104F00B54E1A /* PBXContainerItemProxy */;
		};
/* End PBXTargetDependency section */

/* Begin PBXVariantGroup section */
		21C572661C33104F00B54E1A /* Main.storyboard */ = {
			isa = PBXVariantGroup;
			children = (
				21C572671C33104F00B54E1A /* Base */,
			);
			name = Main.storyboard;
			sourceTree = "<group>";
		};
		21C5726B1C33104F00B54E1A /* LaunchScreen.storyboard */ = {
			isa = PBXVariantGroup;
			children = (
				21C5726C1C33104F00B54E1A /* Base */,
			);
			name = LaunchScreen.storyboard;
			sourceTree = "<group>";
		};
/* End PBXVariantGroup section */

/* Begin XCBuildConfiguration section */
		21C572851C33104F00B54E1A /* Debug */ = {
			isa = XCBuildConfiguration;
			buildSettings = {
				ALWAYS_SEARCH_USER_PATHS = NO;
				CLANG_CXX_LANGUAGE_STANDARD = "gnu++0x";
				CLANG_CXX_LIBRARY = "libc++";
				CLANG_ENABLE_MODULES = YES;
				CLANG_ENABLE_OBJC_ARC = YES;
				CLANG_WARN_BOOL_CONVERSION = YES;
				CLANG_WARN_CONSTANT_CONVERSION = YES;
				CLANG_WARN_DIRECT_OBJC_ISA_USAGE = YES_ERROR;
				CLANG_WARN_EMPTY_BODY = YES;
				CLANG_WARN_ENUM_CONVERSION = YES;
				CLANG_WARN_INT_CONVERSION = YES;
				CLANG_WARN_OBJC_ROOT_CLASS = YES_ERROR;
				CLANG_WARN_UNREACHABLE_CODE = YES;
				CLANG_WARN__DUPLICATE_METHOD_MATCH = YES;
				"CODE_SIGN_IDENTITY[sdk=iphoneos*]" = "iPhone Developer";
				COPY_PHASE_STRIP = NO;
				DEBUG_INFORMATION_FORMAT = dwarf;
				ENABLE_STRICT_OBJC_MSGSEND = YES;
				ENABLE_TESTABILITY = YES;
				GCC_C_LANGUAGE_STANDARD = gnu99;
				GCC_DYNAMIC_NO_PIC = NO;
				GCC_NO_COMMON_BLOCKS = YES;
				GCC_OPTIMIZATION_LEVEL = 0;
				GCC_PREPROCESSOR_DEFINITIONS = (
					"DEBUG=1",
					"$(inherited)",
				);
				GCC_WARN_64_TO_32_BIT_CONVERSION = YES;
				GCC_WARN_ABOUT_RETURN_TYPE = YES_ERROR;
				GCC_WARN_UNDECLARED_SELECTOR = YES;
				GCC_WARN_UNINITIALIZED_AUTOS = YES_AGGRESSIVE;
				GCC_WARN_UNUSED_FUNCTION = YES;
				GCC_WARN_UNUSED_VARIABLE = YES;
				IPHONEOS_DEPLOYMENT_TARGET = 9.2;
				MTL_ENABLE_DEBUG_INFO = YES;
				ONLY_ACTIVE_ARCH = YES;
				SDKROOT = iphoneos;
				SWIFT_OPTIMIZATION_LEVEL = "-Onone";
			};
			name = Debug;
		};
		21C572861C33104F00B54E1A /* Release */ = {
			isa = XCBuildConfiguration;
			buildSettings = {
				ALWAYS_SEARCH_USER_PATHS = NO;
				CLANG_CXX_LANGUAGE_STANDARD = "gnu++0x";
				CLANG_CXX_LIBRARY = "libc++";
				CLANG_ENABLE_MODULES = YES;
				CLANG_ENABLE_OBJC_ARC = YES;
				CLANG_WARN_BOOL_CONVERSION = YES;
				CLANG_WARN_CONSTANT_CONVERSION = YES;
				CLANG_WARN_DIRECT_OBJC_ISA_USAGE = YES_ERROR;
				CLANG_WARN_EMPTY_BODY = YES;
				CLANG_WARN_ENUM_CONVERSION = YES;
				CLANG_WARN_INT_CONVERSION = YES;
				CLANG_WARN_OBJC_ROOT_CLASS = YES_ERROR;
				CLANG_WARN_UNREACHABLE_CODE = YES;
				CLANG_WARN__DUPLICATE_METHOD_MATCH = YES;
				"CODE_SIGN_IDENTITY[sdk=iphoneos*]" = "iPhone Developer";
				COPY_PHASE_STRIP = NO;
				DEBUG_INFORMATION_FORMAT = "dwarf-with-dsym";
				ENABLE_NS_ASSERTIONS = NO;
				ENABLE_STRICT_OBJC_MSGSEND = YES;
				GCC_C_LANGUAGE_STANDARD = gnu99;
				GCC_NO_COMMON_BLOCKS = YES;
				GCC_WARN_64_TO_32_BIT_CONVERSION = YES;
				GCC_WARN_ABOUT_RETURN_TYPE = YES_ERROR;
				GCC_WARN_UNDECLARED_SELECTOR = YES;
				GCC_WARN_UNINITIALIZED_AUTOS = YES_AGGRESSIVE;
				GCC_WARN_UNUSED_FUNCTION = YES;
				GCC_WARN_UNUSED_VARIABLE = YES;
				IPHONEOS_DEPLOYMENT_TARGET = 9.2;
				MTL_ENABLE_DEBUG_INFO = NO;
				SDKROOT = iphoneos;
				VALIDATE_PRODUCT = YES;
			};
			name = Release;
		};
		21C572881C33104F00B54E1A /* Debug */ = {
			isa = XCBuildConfiguration;
			buildSettings = {
				ASSETCATALOG_COMPILER_APPICON_NAME = AppIcon;
				INFOPLIST_FILE = tips/Info.plist;
				IPHONEOS_DEPLOYMENT_TARGET = 7.0;
				LD_RUNPATH_SEARCH_PATHS = "$(inherited) @executable_path/Frameworks";
				PRODUCT_BUNDLE_IDENTIFIER = codepath.tips;
				PRODUCT_NAME = "$(TARGET_NAME)";
			};
			name = Debug;
		};
		21C572891C33104F00B54E1A /* Release */ = {
			isa = XCBuildConfiguration;
			buildSettings = {
				ASSETCATALOG_COMPILER_APPICON_NAME = AppIcon;
				INFOPLIST_FILE = tips/Info.plist;
				IPHONEOS_DEPLOYMENT_TARGET = 7.0;
				LD_RUNPATH_SEARCH_PATHS = "$(inherited) @executable_path/Frameworks";
				PRODUCT_BUNDLE_IDENTIFIER = codepath.tips;
				PRODUCT_NAME = "$(TARGET_NAME)";
			};
			name = Release;
		};
		21C5728B1C33104F00B54E1A /* Debug */ = {
			isa = XCBuildConfiguration;
			buildSettings = {
				BUNDLE_LOADER = "$(TEST_HOST)";
				INFOPLIST_FILE = tipsTests/Info.plist;
				LD_RUNPATH_SEARCH_PATHS = "$(inherited) @executable_path/Frameworks @loader_path/Frameworks";
				PRODUCT_BUNDLE_IDENTIFIER = codepath.tipsTests;
				PRODUCT_NAME = "$(TARGET_NAME)";
				TEST_HOST = "$(BUILT_PRODUCTS_DIR)/tips.app/tips";
			};
			name = Debug;
		};
		21C5728C1C33104F00B54E1A /* Release */ = {
			isa = XCBuildConfiguration;
			buildSettings = {
				BUNDLE_LOADER = "$(TEST_HOST)";
				INFOPLIST_FILE = tipsTests/Info.plist;
				LD_RUNPATH_SEARCH_PATHS = "$(inherited) @executable_path/Frameworks @loader_path/Frameworks";
				PRODUCT_BUNDLE_IDENTIFIER = codepath.tipsTests;
				PRODUCT_NAME = "$(TARGET_NAME)";
				TEST_HOST = "$(BUILT_PRODUCTS_DIR)/tips.app/tips";
			};
			name = Release;
		};
		21C5728E1C33104F00B54E1A /* Debug */ = {
			isa = XCBuildConfiguration;
			buildSettings = {
				INFOPLIST_FILE = tipsUITests/Info.plist;
				LD_RUNPATH_SEARCH_PATHS = "$(inherited) @executable_path/Frameworks @loader_path/Frameworks";
				PRODUCT_BUNDLE_IDENTIFIER = codepath.tipsUITests;
				PRODUCT_NAME = "$(TARGET_NAME)";
				TEST_TARGET_NAME = tips;
				USES_XCTRUNNER = YES;
			};
			name = Debug;
		};
		21C5728F1C33104F00B54E1A /* Release */ = {
			isa = XCBuildConfiguration;
			buildSettings = {
				INFOPLIST_FILE = tipsUITests/Info.plist;
				LD_RUNPATH_SEARCH_PATHS = "$(inherited) @executable_path/Frameworks @loader_path/Frameworks";
				PRODUCT_BUNDLE_IDENTIFIER = codepath.tipsUITests;
				PRODUCT_NAME = "$(TARGET_NAME)";
				TEST_TARGET_NAME = tips;
				USES_XCTRUNNER = YES;
			};
			name = Release;
		};
/* End XCBuildConfiguration section */

/* Begin XCConfigurationList section */
		21C5725A1C33104F00B54E1A /* Build configuration list for PBXProject "tips" */ = {
			isa = XCConfigurationList;
			buildConfigurations = (
				21C572851C33104F00B54E1A /* Debug */,
				21C572861C33104F00B54E1A /* Release */,
			);
			defaultConfigurationIsVisible = 0;
			defaultConfigurationName = Release;
		};
		21C572871C33104F00B54E1A /* Build configuration list for PBXNativeTarget "tips" */ = {
			isa = XCConfigurationList;
			buildConfigurations = (
				21C572881C33104F00B54E1A /* Debug */,
				21C572891C33104F00B54E1A /* Release */,
			);
			defaultConfigurationIsVisible = 0;
			defaultConfigurationName = Release;
		};
		21C5728A1C33104F00B54E1A /* Build configuration list for PBXNativeTarget "tipsTests" */ = {
			isa = XCConfigurationList;
			buildConfigurations = (
				21C5728B1C33104F00B54E1A /* Debug */,
				21C5728C1C33104F00B54E1A /* Release */,
			);
			defaultConfigurationIsVisible = 0;
			defaultConfigurationName = Release;
		};
		21C5728D1C33104F00B54E1A /* Build configuration list for PBXNativeTarget "tipsUITests" */ = {
			isa = XCConfigurationList;
			buildConfigurations = (
				21C5728E1C33104F00B54E1A /* Debug */,
				21C5728F1C33104F00B54E1A /* Release */,
			);
			defaultConfigurationIsVisible = 0;
			defaultConfigurationName = Release;
		};
/* End XCConfigurationList section */
	};
	rootObject = 21C572571C33104F00B54E1A /* Project object */;
}
